
Microsoft Visual Studio Solution File, Format Version 12.00
Project("{FAE04EC0-301F-11D3-BF4B-00C04F79EFBC}") = "ejercicio labo", "ejercicio labo\ejercicio labo.csproj", "{A15D6427-B817-4F1E-89AF-E41AA936414D}"
EndProject
Global
	GlobalSection(SolutionConfigurationPlatforms) = preSolution
		Debug|Any CPU = Debug|Any CPU
		Release|Any CPU = Release|Any CPU
	EndGlobalSection
	GlobalSection(ProjectConfigurationPlatforms) = postSolution
		{A15D6427-B817-4F1E-89AF-E41AA936414D}.Debug|Any CPU.ActiveCfg = Debug|Any CPU
		{A15D6427-B817-4F1E-89AF-E41AA936414D}.Debug|Any CPU.Build.0 = Debug|Any CPU
		{A15D6427-B817-4F1E-89AF-E41AA936414D}.Release|Any CPU.ActiveCfg = Release|Any CPU
		{A15D6427-B817-4F1E-89AF-E41AA936414D}.Release|Any CPU.Build.0 = Release|Any CPU
	EndGlobalSection
EndGlobal
